
Microsoft Visual Studio Solution File, Format Version 12.00
# Visual Studio Version 16
VisualStudioVersion = 16.0.29911.84
MinimumVisualStudioVersion = 10.0.40219.1
Project("{FAE04EC0-301F-11D3-BF4B-00C04F79EFBC}") = "StoryBrowser", "StoryBrowser\StoryBrowser.csproj", "{BECA3A4F-1960-4D2A-960A-386D36FA2C7D}"
EndProject
Global
	GlobalSection(SolutionConfigurationPlatforms) = preSolution
		Debug|Any CPU = Debug|Any CPU
		Release|Any CPU = Release|Any CPU
	EndGlobalSection
	GlobalSection(ProjectConfigurationPlatforms) = postSolution
		{BECA3A4F-1960-4D2A-960A-386D36FA2C7D}.Debug|Any CPU.ActiveCfg = Debug|Any CPU
		{BECA3A4F-1960-4D2A-960A-386D36FA2C7D}.Debug|Any CPU.Build.0 = Debug|Any CPU
		{BECA3A4F-1960-4D2A-960A-386D36FA2C7D}.Release|Any CPU.ActiveCfg = Release|Any CPU
		{BECA3A4F-1960-4D2A-960A-386D36FA2C7D}.Release|Any CPU.Build.0 = Release|Any CPU
	EndGlobalSection
	GlobalSection(SolutionProperties) = preSolution
		HideSolutionNode = FALSE
	EndGlobalSection
	GlobalSection(ExtensibilityGlobals) = postSolution
		SolutionGuid = {6CE445DF-273F-4A97-B21E-91B04A84334E}
	EndGlobalSection
EndGlobal
